
Microsoft Visual Studio Solution File, Format Version 12.00
# Visual Studio 14
VisualStudioVersion = 14.0.25420.1
MinimumVisualStudioVersion = 10.0.40219.1
Project("{FAE04EC0-301F-11D3-BF4B-00C04F79EFBC}") = "NSHW", "NSHW\NSHW.csproj", "{C4830814-4B69-4040-BB47-46CED11A567B}"
EndProject
Project("{6141683F-8A12-4E36-9623-2EB02B2C2303}") = "Setup1", "Setup1\Setup1.isproj", "{BE03C8E9-FB42-4BBB-9F8C-8B5D6F4C5D31}"
EndProject
Global
	GlobalSection(SolutionConfigurationPlatforms) = preSolution
		CD_ROM|Any CPU = CD_ROM|Any CPU
		Debug|Any CPU = Debug|Any CPU
		DVD-5|Any CPU = DVD-5|Any CPU
		Release|Any CPU = Release|Any CPU
		SingleImage|Any CPU = SingleImage|Any CPU
	EndGlobalSection
	GlobalSection(ProjectConfigurationPlatforms) = postSolution
		{C4830814-4B69-4040-BB47-46CED11A567B}.CD_ROM|Any CPU.ActiveCfg = Release|Any CPU
		{C4830814-4B69-4040-BB47-46CED11A567B}.CD_ROM|Any CPU.Build.0 = Release|Any CPU
		{C4830814-4B69-4040-BB47-46CED11A567B}.Debug|Any CPU.ActiveCfg = Debug|Any CPU
		{C4830814-4B69-4040-BB47-46CED11A567B}.Debug|Any CPU.Build.0 = Debug|Any CPU
		{C4830814-4B69-4040-BB47-46CED11A567B}.DVD-5|Any CPU.ActiveCfg = Debug|Any CPU
		{C4830814-4B69-4040-BB47-46CED11A567B}.DVD-5|Any CPU.Build.0 = Debug|Any CPU
		{C4830814-4B69-4040-BB47-46CED11A567B}.Release|Any CPU.ActiveCfg = Release|Any CPU
		{C4830814-4B69-4040-BB47-46CED11A567B}.Release|Any CPU.Build.0 = Release|Any CPU
		{C4830814-4B69-4040-BB47-46CED11A567B}.SingleImage|Any CPU.ActiveCfg = Release|Any CPU
		{C4830814-4B69-4040-BB47-46CED11A567B}.SingleImage|Any CPU.Build.0 = Release|Any CPU
		{BE03C8E9-FB42-4BBB-9F8C-8B5D6F4C5D31}.CD_ROM|Any CPU.ActiveCfg = CD_ROM
		{BE03C8E9-FB42-4BBB-9F8C-8B5D6F4C5D31}.CD_ROM|Any CPU.Build.0 = CD_ROM
		{BE03C8E9-FB42-4BBB-9F8C-8B5D6F4C5D31}.Debug|Any CPU.ActiveCfg = DVD-5
		{BE03C8E9-FB42-4BBB-9F8C-8B5D6F4C5D31}.Debug|Any CPU.Build.0 = DVD-5
		{BE03C8E9-FB42-4BBB-9F8C-8B5D6F4C5D31}.DVD-5|Any CPU.ActiveCfg = DVD-5
		{BE03C8E9-FB42-4BBB-9F8C-8B5D6F4C5D31}.DVD-5|Any CPU.Build.0 = DVD-5
		{BE03C8E9-FB42-4BBB-9F8C-8B5D6F4C5D31}.Release|Any CPU.ActiveCfg = SingleImage
		{BE03C8E9-FB42-4BBB-9F8C-8B5D6F4C5D31}.Release|Any CPU.Build.0 = SingleImage
		{BE03C8E9-FB42-4BBB-9F8C-8B5D6F4C5D31}.SingleImage|Any CPU.ActiveCfg = SingleImage
		{BE03C8E9-FB42-4BBB-9F8C-8B5D6F4C5D31}.SingleImage|Any CPU.Build.0 = SingleImage
	EndGlobalSection
	GlobalSection(SolutionProperties) = preSolution
		HideSolutionNode = FALSE
	EndGlobalSection
EndGlobal
